
Microsoft Visual Studio Solution File, Format Version 12.00
# Visual Studio Version 17
Project("{2150E333-8FDC-42A3-9474-1A3956D46DE8}") = "CMakePredefinedTargets", "CMakePredefinedTargets", "{85119BD5-D6BA-332C-841B-C2081A8B932C}"
EndProject
Project("{8BC9CEB8-8B4A-11D0-8D11-00A0C91BC942}") = "ALL_BUILD", "ALL_BUILD.vcxproj", "{578B43AC-200F-3813-8CA7-6CA642AE26D3}"
	ProjectSection(ProjectDependencies) = postProject
		{22C7FA1D-D77D-3497-9D6B-D88BED6D5E05} = {22C7FA1D-D77D-3497-9D6B-D88BED6D5E05}
		{5C206B40-BF9F-376D-9DF5-39A7D6F6BBF6} = {5C206B40-BF9F-376D-9DF5-39A7D6F6BBF6}
	EndProjectSection
EndProject
Project("{8BC9CEB8-8B4A-11D0-8D11-00A0C91BC942}") = "ZERO_CHECK", "ZERO_CHECK.vcxproj", "{22C7FA1D-D77D-3497-9D6B-D88BED6D5E05}"
	ProjectSection(ProjectDependencies) = postProject
	EndProjectSection
EndProject
Project("{8BC9CEB8-8B4A-11D0-8D11-00A0C91BC942}") = "game", "game.vcxproj", "{5C206B40-BF9F-376D-9DF5-39A7D6F6BBF6}"
	ProjectSection(ProjectDependencies) = postProject
		{22C7FA1D-D77D-3497-9D6B-D88BED6D5E05} = {22C7FA1D-D77D-3497-9D6B-D88BED6D5E05}
	EndProjectSection
EndProject
Global
	GlobalSection(SolutionConfigurationPlatforms) = preSolution
		checked|x64 = checked|x64
		debug|x64 = debug|x64
		profile|x64 = profile|x64
		release|x64 = release|x64
	EndGlobalSection
	GlobalSection(ProjectConfigurationPlatforms) = postSolution
		{578B43AC-200F-3813-8CA7-6CA642AE26D3}.checked|x64.ActiveCfg = checked|x64
		{578B43AC-200F-3813-8CA7-6CA642AE26D3}.debug|x64.ActiveCfg = debug|x64
		{578B43AC-200F-3813-8CA7-6CA642AE26D3}.profile|x64.ActiveCfg = profile|x64
		{578B43AC-200F-3813-8CA7-6CA642AE26D3}.release|x64.ActiveCfg = release|x64
		{22C7FA1D-D77D-3497-9D6B-D88BED6D5E05}.checked|x64.ActiveCfg = checked|x64
		{22C7FA1D-D77D-3497-9D6B-D88BED6D5E05}.checked|x64.Build.0 = checked|x64
		{22C7FA1D-D77D-3497-9D6B-D88BED6D5E05}.debug|x64.ActiveCfg = debug|x64
		{22C7FA1D-D77D-3497-9D6B-D88BED6D5E05}.debug|x64.Build.0 = debug|x64
		{22C7FA1D-D77D-3497-9D6B-D88BED6D5E05}.profile|x64.ActiveCfg = profile|x64
		{22C7FA1D-D77D-3497-9D6B-D88BED6D5E05}.profile|x64.Build.0 = profile|x64
		{22C7FA1D-D77D-3497-9D6B-D88BED6D5E05}.release|x64.ActiveCfg = release|x64
		{22C7FA1D-D77D-3497-9D6B-D88BED6D5E05}.release|x64.Build.0 = release|x64
		{5C206B40-BF9F-376D-9DF5-39A7D6F6BBF6}.checked|x64.ActiveCfg = checked|x64
		{5C206B40-BF9F-376D-9DF5-39A7D6F6BBF6}.checked|x64.Build.0 = checked|x64
		{5C206B40-BF9F-376D-9DF5-39A7D6F6BBF6}.debug|x64.ActiveCfg = debug|x64
		{5C206B40-BF9F-376D-9DF5-39A7D6F6BBF6}.debug|x64.Build.0 = debug|x64
		{5C206B40-BF9F-376D-9DF5-39A7D6F6BBF6}.profile|x64.ActiveCfg = profile|x64
		{5C206B40-BF9F-376D-9DF5-39A7D6F6BBF6}.profile|x64.Build.0 = profile|x64
		{5C206B40-BF9F-376D-9DF5-39A7D6F6BBF6}.release|x64.ActiveCfg = release|x64
		{5C206B40-BF9F-376D-9DF5-39A7D6F6BBF6}.release|x64.Build.0 = release|x64
	EndGlobalSection
	GlobalSection(NestedProjects) = preSolution
		{578B43AC-200F-3813-8CA7-6CA642AE26D3} = {85119BD5-D6BA-332C-841B-C2081A8B932C}
		{22C7FA1D-D77D-3497-9D6B-D88BED6D5E05} = {85119BD5-D6BA-332C-841B-C2081A8B932C}
	EndGlobalSection
	GlobalSection(ExtensibilityGlobals) = postSolution
		SolutionGuid = {EAC0B015-DC1E-3D92-8407-E70E734EEE18}
	EndGlobalSection
	GlobalSection(ExtensibilityAddIns) = postSolution
	EndGlobalSection
EndGlobal
