<?xml version="1.0" encoding="utf-8"?>
<Project ToolsVersion="17.0" xmlns="http://schemas.microsoft.com/developer/msbuild/2003">
  <ItemGroup>
    <CustomBuild Include="D:\chich\Projects\UCM\SIM\SimulacionFisicaVideojuegos\CMakeFiles\ad82e08c66332b155e990f90acc2d631\generate.stamp.rule">
      <Filter>CMake Rules</Filter>
    </CustomBuild>
  </ItemGroup>
  <ItemGroup>
    <Filter Include="CMake Rules">
      <UniqueIdentifier>{A96A5F67-F6B3-3706-B9CD-A3E0B51D23BD}</UniqueIdentifier>
    </Filter>
  </ItemGroup>
</Project>
